
Microsoft Visual Studio Solution File, Format Version 12.00
# Visual Studio Version 16
VisualStudioVersion = 16.0.30804.86
MinimumVisualStudioVersion = 10.0.40219.1
Project("{FAE04EC0-301F-11D3-BF4B-00C04F79EFBC}") = "Management_App", "Management_App\Management_App.csproj", "{EF4E8B5F-AFB9-45F6-AE2A-3AF894C0372A}"
EndProject
Global
	GlobalSection(SolutionConfigurationPlatforms) = preSolution
		Debug|Any CPU = Debug|Any CPU
		Release|Any CPU = Release|Any CPU
	EndGlobalSection
	GlobalSection(ProjectConfigurationPlatforms) = postSolution
		{EF4E8B5F-AFB9-45F6-AE2A-3AF894C0372A}.Debug|Any CPU.ActiveCfg = Debug|Any CPU
		{EF4E8B5F-AFB9-45F6-AE2A-3AF894C0372A}.Debug|Any CPU.Build.0 = Debug|Any CPU
		{EF4E8B5F-AFB9-45F6-AE2A-3AF894C0372A}.Release|Any CPU.ActiveCfg = Release|Any CPU
		{EF4E8B5F-AFB9-45F6-AE2A-3AF894C0372A}.Release|Any CPU.Build.0 = Release|Any CPU
	EndGlobalSection
	GlobalSection(SolutionProperties) = preSolution
		HideSolutionNode = FALSE
	EndGlobalSection
	GlobalSection(ExtensibilityGlobals) = postSolution
		SolutionGuid = {28D89888-E2AD-4AC5-974A-BA0371AC1C5F}
	EndGlobalSection
EndGlobal
